
Microsoft Visual Studio Solution File, Format Version 12.00
# Visual Studio 2013
VisualStudioVersion = 12.0.21005.1
MinimumVisualStudioVersion = 10.0.40219.1
Project("{FAE04EC0-301F-11D3-BF4B-00C04F79EFBC}") = "ACG.EA.AppCentre.Web", "ACG.EA.AppCentre.Web\ACG.EA.AppCentre.Web.csproj", "{9F662AC9-2928-4DE8-B763-39C0FA5CE90B}"
EndProject
Project("{FAE04EC0-301F-11D3-BF4B-00C04F79EFBC}") = "AppCentreWebLib", "AppCentreWebLib\AppCentreWebLib.csproj", "{D5073AFF-54D9-4D19-B4A1-6A27CA3896C5}"
EndProject
Project("{FAE04EC0-301F-11D3-BF4B-00C04F79EFBC}") = "AppCentreWebLib4.0", "AppCentreWebLib4.0\AppCentreWebLib4.0.csproj", "{B2ADA2F2-6428-47EF-A7AB-05022A43793C}"
EndProject
Global
	GlobalSection(SolutionConfigurationPlatforms) = preSolution
		Debug|Any CPU = Debug|Any CPU
		Release|Any CPU = Release|Any CPU
	EndGlobalSection
	GlobalSection(ProjectConfigurationPlatforms) = postSolution
		{9F662AC9-2928-4DE8-B763-39C0FA5CE90B}.Debug|Any CPU.ActiveCfg = Debug|Any CPU
		{9F662AC9-2928-4DE8-B763-39C0FA5CE90B}.Debug|Any CPU.Build.0 = Debug|Any CPU
		{9F662AC9-2928-4DE8-B763-39C0FA5CE90B}.Release|Any CPU.ActiveCfg = Release|Any CPU
		{9F662AC9-2928-4DE8-B763-39C0FA5CE90B}.Release|Any CPU.Build.0 = Release|Any CPU
		{D5073AFF-54D9-4D19-B4A1-6A27CA3896C5}.Debug|Any CPU.ActiveCfg = Debug|Any CPU
		{D5073AFF-54D9-4D19-B4A1-6A27CA3896C5}.Debug|Any CPU.Build.0 = Debug|Any CPU
		{D5073AFF-54D9-4D19-B4A1-6A27CA3896C5}.Release|Any CPU.ActiveCfg = Release|Any CPU
		{D5073AFF-54D9-4D19-B4A1-6A27CA3896C5}.Release|Any CPU.Build.0 = Release|Any CPU
		{B2ADA2F2-6428-47EF-A7AB-05022A43793C}.Debug|Any CPU.ActiveCfg = Debug|Any CPU
		{B2ADA2F2-6428-47EF-A7AB-05022A43793C}.Debug|Any CPU.Build.0 = Debug|Any CPU
		{B2ADA2F2-6428-47EF-A7AB-05022A43793C}.Release|Any CPU.ActiveCfg = Release|Any CPU
		{B2ADA2F2-6428-47EF-A7AB-05022A43793C}.Release|Any CPU.Build.0 = Release|Any CPU
	EndGlobalSection
	GlobalSection(SolutionProperties) = preSolution
		HideSolutionNode = FALSE
	EndGlobalSection
EndGlobal
